Microsoft Visual Studio Solution File, Format Version 12.00
# Visual Studio 15
VisualStudioVersion = 15.0.27428.2027
MinimumVisualStudioVersion = 10.0.40219.1
Project("{9A19103F-16F7-4668-BE54-9A1E7A4F7556}") = "MessengerHelper", "MessengerHelper\MessengerHelper.csproj", "{15DF21A4-F247-4FCB-A782-E18F30F7BC6A}"
EndProject
Project("{9A19103F-16F7-4668-BE54-9A1E7A4F7556}") = "MessengerHelper.Tests", "MessengerHelper.Tests\MessengerHelper.Tests.csproj", "{E70BB457-6671-4233-8A52-2574699682F4}"
EndProject
Global
	GlobalSection(SolutionConfigurationPlatforms) = preSolution
		Debug|Any CPU = Debug|Any CPU
		Debug|x64 = Debug|x64
		Debug|x86 = Debug|x86
		Release|Any CPU = Release|Any CPU
		Release|x64 = Release|x64
		Release|x86 = Release|x86
	EndGlobalSection
	GlobalSection(ProjectConfigurationPlatforms) = postSolution
		{15DF21A4-F247-4FCB-A782-E18F30F7BC6A}.Debug|Any CPU.ActiveCfg = Debug|Any CPU
		{15DF21A4-F247-4FCB-A782-E18F30F7BC6A}.Debug|Any CPU.Build.0 = Debug|Any CPU
		{15DF21A4-F247-4FCB-A782-E18F30F7BC6A}.Debug|x64.ActiveCfg = Debug|Any CPU
		{15DF21A4-F247-4FCB-A782-E18F30F7BC6A}.Debug|x64.Build.0 = Debug|Any CPU
		{15DF21A4-F247-4FCB-A782-E18F30F7BC6A}.Debug|x86.ActiveCfg = Debug|Any CPU
		{15DF21A4-F247-4FCB-A782-E18F30F7BC6A}.Debug|x86.Build.0 = Debug|Any CPU
		{15DF21A4-F247-4FCB-A782-E18F30F7BC6A}.Release|Any CPU.ActiveCfg = Release|Any CPU
		{15DF21A4-F247-4FCB-A782-E18F30F7BC6A}.Release|Any CPU.Build.0 = Release|Any CPU
		{15DF21A4-F247-4FCB-A782-E18F30F7BC6A}.Release|x64.ActiveCfg = Release|Any CPU
		{15DF21A4-F247-4FCB-A782-E18F30F7BC6A}.Release|x64.Build.0 = Release|Any CPU
		{15DF21A4-F247-4FCB-A782-E18F30F7BC6A}.Release|x86.ActiveCfg = Release|Any CPU
		{15DF21A4-F247-4FCB-A782-E18F30F7BC6A}.Release|x86.Build.0 = Release|Any CPU
		{E70BB457-6671-4233-8A52-2574699682F4}.Debug|Any CPU.ActiveCfg = Debug|Any CPU
		{E70BB457-6671-4233-8A52-2574699682F4}.Debug|Any CPU.Build.0 = Debug|Any CPU
		{E70BB457-6671-4233-8A52-2574699682F4}.Debug|x64.ActiveCfg = Debug|Any CPU
		{E70BB457-6671-4233-8A52-2574699682F4}.Debug|x64.Build.0 = Debug|Any CPU
		{E70BB457-6671-4233-8A52-2574699682F4}.Debug|x86.ActiveCfg = Debug|Any CPU
		{E70BB457-6671-4233-8A52-2574699682F4}.Debug|x86.Build.0 = Debug|Any CPU
		{E70BB457-6671-4233-8A52-2574699682F4}.Release|Any CPU.ActiveCfg = Release|Any CPU
		{E70BB457-6671-4233-8A52-2574699682F4}.Release|Any CPU.Build.0 = Release|Any CPU
		{E70BB457-6671-4233-8A52-2574699682F4}.Release|x64.ActiveCfg = Release|Any CPU
		{E70BB457-6671-4233-8A52-2574699682F4}.Release|x64.Build.0 = Release|Any CPU
		{E70BB457-6671-4233-8A52-2574699682F4}.Release|x86.ActiveCfg = Release|Any CPU
		{E70BB457-6671-4233-8A52-2574699682F4}.Release|x86.Build.0 = Release|Any CPU
	EndGlobalSection
	GlobalSection(SolutionProperties) = preSolution
		HideSolutionNode = FALSE
	EndGlobalSection
	GlobalSection(ExtensibilityGlobals) = postSolution
		SolutionGuid = {7FB715B0-1BD7-4987-A5A7-C013D57AC1BB}
	EndGlobalSection
EndGlobal
